
Microsoft Visual Studio Solution File, Format Version 12.00
# Visual Studio 15
VisualStudioVersion = 15.0.27703.2000
MinimumVisualStudioVersion = 10.0.40219.1
Project("{E53339B2-1760-4266-BCC7-CA923CBCF16C}") = "docker-compose", "docker-compose.dcproj", "{BB6E5092-2663-401F-B47F-4777D85167E7}"
EndProject
Project("{2150E333-8FDC-42A3-9474-1A3956D46DE8}") = "src", "src", "{7A97605A-D5E3-45F0-B085-963040A07715}"
EndProject
Project("{2150E333-8FDC-42A3-9474-1A3956D46DE8}") = "Services", "Services", "{6EEA435A-3EC4-4322-90C5-90401089B11A}"
EndProject
Project("{9A19103F-16F7-4668-BE54-9A1E7A4F7556}") = "Ordering.API", "src\Services\Ordering.API\Ordering.API.csproj", "{B6EBFE10-CA62-4EC3-9F5A-3AF21CA9FF0B}"
EndProject
Project("{9A19103F-16F7-4668-BE54-9A1E7A4F7556}") = "Identity.API", "src\Services\Identity.API\Identity.API.csproj", "{84C29A3A-7FC9-4F14-A30D-FB98BD711BAC}"
EndProject
Project("{9A19103F-16F7-4668-BE54-9A1E7A4F7556}") = "CustomerManagement.API", "src\Services\CustomerManagement.API\CustomerManagement.API.csproj", "{209328D6-B9B7-4810-BB68-2FF0DA3AA9BC}"
EndProject
Project("{2150E333-8FDC-42A3-9474-1A3956D46DE8}") = "WebApps", "WebApps", "{03AB1FB3-4615-4D61-BC9D-4A137E49A0D9}"
EndProject
Project("{FAE04EC0-301F-11D3-BF4B-00C04F79EFBC}") = "WebOrderkeeper", "src\WebApps\WebOrderkeeper\WebOrderkeeper.csproj", "{C1C45EF2-E1DB-4326-B121-EF636E61B740}"
EndProject
Global
	GlobalSection(SolutionConfigurationPlatforms) = preSolution
		Debug|Any CPU = Debug|Any CPU
		Release|Any CPU = Release|Any CPU
	EndGlobalSection
	GlobalSection(ProjectConfigurationPlatforms) = postSolution
		{BB6E5092-2663-401F-B47F-4777D85167E7}.Debug|Any CPU.ActiveCfg = Debug|Any CPU
		{BB6E5092-2663-401F-B47F-4777D85167E7}.Debug|Any CPU.Build.0 = Debug|Any CPU
		{BB6E5092-2663-401F-B47F-4777D85167E7}.Release|Any CPU.ActiveCfg = Release|Any CPU
		{BB6E5092-2663-401F-B47F-4777D85167E7}.Release|Any CPU.Build.0 = Release|Any CPU
		{B6EBFE10-CA62-4EC3-9F5A-3AF21CA9FF0B}.Debug|Any CPU.ActiveCfg = Debug|Any CPU
		{B6EBFE10-CA62-4EC3-9F5A-3AF21CA9FF0B}.Debug|Any CPU.Build.0 = Debug|Any CPU
		{B6EBFE10-CA62-4EC3-9F5A-3AF21CA9FF0B}.Release|Any CPU.ActiveCfg = Release|Any CPU
		{B6EBFE10-CA62-4EC3-9F5A-3AF21CA9FF0B}.Release|Any CPU.Build.0 = Release|Any CPU
		{84C29A3A-7FC9-4F14-A30D-FB98BD711BAC}.Debug|Any CPU.ActiveCfg = Debug|Any CPU
		{84C29A3A-7FC9-4F14-A30D-FB98BD711BAC}.Debug|Any CPU.Build.0 = Debug|Any CPU
		{84C29A3A-7FC9-4F14-A30D-FB98BD711BAC}.Release|Any CPU.ActiveCfg = Release|Any CPU
		{84C29A3A-7FC9-4F14-A30D-FB98BD711BAC}.Release|Any CPU.Build.0 = Release|Any CPU
		{209328D6-B9B7-4810-BB68-2FF0DA3AA9BC}.Debug|Any CPU.ActiveCfg = Debug|Any CPU
		{209328D6-B9B7-4810-BB68-2FF0DA3AA9BC}.Debug|Any CPU.Build.0 = Debug|Any CPU
		{209328D6-B9B7-4810-BB68-2FF0DA3AA9BC}.Release|Any CPU.ActiveCfg = Release|Any CPU
		{209328D6-B9B7-4810-BB68-2FF0DA3AA9BC}.Release|Any CPU.Build.0 = Release|Any CPU
		{C1C45EF2-E1DB-4326-B121-EF636E61B740}.Debug|Any CPU.ActiveCfg = Debug|Any CPU
		{C1C45EF2-E1DB-4326-B121-EF636E61B740}.Debug|Any CPU.Build.0 = Debug|Any CPU
		{C1C45EF2-E1DB-4326-B121-EF636E61B740}.Release|Any CPU.ActiveCfg = Release|Any CPU
		{C1C45EF2-E1DB-4326-B121-EF636E61B740}.Release|Any CPU.Build.0 = Release|Any CPU
	EndGlobalSection
	GlobalSection(SolutionProperties) = preSolution
		HideSolutionNode = FALSE
	EndGlobalSection
	GlobalSection(NestedProjects) = preSolution
		{6EEA435A-3EC4-4322-90C5-90401089B11A} = {7A97605A-D5E3-45F0-B085-963040A07715}
		{B6EBFE10-CA62-4EC3-9F5A-3AF21CA9FF0B} = {6EEA435A-3EC4-4322-90C5-90401089B11A}
		{84C29A3A-7FC9-4F14-A30D-FB98BD711BAC} = {6EEA435A-3EC4-4322-90C5-90401089B11A}
		{209328D6-B9B7-4810-BB68-2FF0DA3AA9BC} = {6EEA435A-3EC4-4322-90C5-90401089B11A}
		{03AB1FB3-4615-4D61-BC9D-4A137E49A0D9} = {7A97605A-D5E3-45F0-B085-963040A07715}
		{C1C45EF2-E1DB-4326-B121-EF636E61B740} = {03AB1FB3-4615-4D61-BC9D-4A137E49A0D9}
	EndGlobalSection
	GlobalSection(ExtensibilityGlobals) = postSolution
		SolutionGuid = {C8D2B7D8-C2CB-4A5D-9718-DF300E14D0B2}
	EndGlobalSection
EndGlobal
